
Microsoft Visual Studio Solution File, Format Version 12.00
# Visual Studio Version 17
VisualStudioVersion = 17.10.35122.118
MinimumVisualStudioVersion = 10.0.40219.1
Project("{FAE04EC0-301F-11D3-BF4B-00C04F79EFBC}") = "EvTapsiriqi", "EvTapsiriqi\EvTapsiriqi.csproj", "{05564C95-80A9-4581-AD57-2B03FE8DE413}"
EndProject
Project("{FAE04EC0-301F-11D3-BF4B-00C04F79EFBC}") = "ConsoleApp1", "ConsoleApp1\ConsoleApp1.csproj", "{F38DB003-594C-4940-9379-EEB15C4A9362}"
EndProject
Global
	GlobalSection(SolutionConfigurationPlatforms) = preSolution
		Debug|Any CPU = Debug|Any CPU
		Release|Any CPU = Release|Any CPU
	EndGlobalSection
	GlobalSection(ProjectConfigurationPlatforms) = postSolution
		{05564C95-80A9-4581-AD57-2B03FE8DE413}.Debug|Any CPU.ActiveCfg = Debug|Any CPU
		{05564C95-80A9-4581-AD57-2B03FE8DE413}.Debug|Any CPU.Build.0 = Debug|Any CPU
		{05564C95-80A9-4581-AD57-2B03FE8DE413}.Release|Any CPU.ActiveCfg = Release|Any CPU
		{05564C95-80A9-4581-AD57-2B03FE8DE413}.Release|Any CPU.Build.0 = Release|Any CPU
		{F38DB003-594C-4940-9379-EEB15C4A9362}.Debug|Any CPU.ActiveCfg = Debug|Any CPU
		{F38DB003-594C-4940-9379-EEB15C4A9362}.Debug|Any CPU.Build.0 = Debug|Any CPU
		{F38DB003-594C-4940-9379-EEB15C4A9362}.Release|Any CPU.ActiveCfg = Release|Any CPU
		{F38DB003-594C-4940-9379-EEB15C4A9362}.Release|Any CPU.Build.0 = Release|Any CPU
	EndGlobalSection
	GlobalSection(SolutionProperties) = preSolution
		HideSolutionNode = FALSE
	EndGlobalSection
	GlobalSection(ExtensibilityGlobals) = postSolution
		SolutionGuid = {E381C071-5B5E-4901-AEAC-E5325EF5E2B0}
	EndGlobalSection
EndGlobal
